#MicroXplorer Configuration settings - do not modify
FREERTOS.IPParameters=Tasks01,configUSE_TIMERS,configTOTAL_HEAP_SIZE
FREERTOS.Tasks01=defaultTask,0,128,StartDefaultTask,Default,NULL
FREERTOS.configTOTAL_HEAP_SIZE=5000
FREERTOS.configUSE_TIMERS=1
File.Version=6
KeepUserPlacement=false
Mcu.Family=STM32F1
Mcu.IP0=FREERTOS
Mcu.IP1=NVIC
Mcu.IP2=RCC
Mcu.IP3=SPI2
Mcu.IP4=SYS
Mcu.IPNb=5
Mcu.Name=STM32F103C(8-B)Tx
Mcu.Package=LQFP48
Mcu.Pin0=PC13-TAMPER-RTC
Mcu.Pin1=PA0-WKUP
Mcu.Pin10=PB14
Mcu.Pin11=PB15
Mcu.Pin12=PA8
Mcu.Pin13=PA9
Mcu.Pin14=PA10
Mcu.Pin15=PA13
Mcu.Pin16=PA14
Mcu.Pin17=PB5
Mcu.Pin18=PB7
Mcu.Pin19=PB9
Mcu.Pin2=PA2
Mcu.Pin20=VP_FREERTOS_VS_CMSIS_V1
Mcu.Pin21=VP_SYS_VS_tim1
Mcu.Pin22=VP_STMicroelectronics.X-CUBE-BLE1_VS_WirelessJjBlueNRGAaMS_4.4.0
Mcu.Pin3=PA3
Mcu.Pin4=PA5
Mcu.Pin5=PA6
Mcu.Pin6=PB0
Mcu.Pin7=PB1
Mcu.Pin8=PB11
Mcu.Pin9=PB13
Mcu.PinsNb=23
Mcu.ThirdParty0=STMicroelectronics.X-CUBE-BLE1.4.4.0
Mcu.ThirdPartyNb=1
Mcu.UserConstants=
Mcu.UserName=STM32F103C8Tx
MxCube.Version=5.1.0
MxDb.Version=DB.5.0.10
NVIC.BusFault_IRQn=true\:0\:0\:false\:false\:true\:false\:false\:false
NVIC.DebugMonitor_IRQn=true\:0\:0\:false\:false\:true\:false\:false\:false
NVIC.EXTI0_IRQn=true\:5\:0\:false\:false\:true\:true\:true\:true
NVIC.EXTI15_10_IRQn=true\:5\:0\:false\:false\:true\:true\:true\:true
NVIC.EXTI2_IRQn=true\:5\:0\:false\:false\:true\:true\:true\:true
NVIC.EXTI3_IRQn=true\:5\:0\:false\:false\:true\:true\:true\:true
NVIC.EXTI9_5_IRQn=true\:5\:0\:false\:false\:true\:true\:true\:true
NVIC.HardFault_IRQn=true\:0\:0\:false\:false\:true\:false\:false\:false
NVIC.MemoryManagement_IRQn=true\:0\:0\:false\:false\:true\:false\:false\:false
NVIC.NonMaskableInt_IRQn=true\:0\:0\:false\:false\:true\:false\:false\:false
NVIC.PendSV_IRQn=true\:15\:0\:false\:false\:false\:true\:false\:false
NVIC.PriorityGroup=NVIC_PRIORITYGROUP_4
NVIC.SVCall_IRQn=true\:0\:0\:false\:false\:false\:false\:false\:false
NVIC.SysTick_IRQn=true\:15\:0\:false\:false\:false\:true\:false\:true
NVIC.TIM1_UP_IRQn=true\:0\:0\:false\:false\:true\:false\:false\:true
NVIC.TimeBase=TIM1_UP_IRQn
NVIC.TimeBaseIP=TIM1
NVIC.UsageFault_IRQn=true\:0\:0\:false\:false\:true\:false\:false\:false
PA0-WKUP.GPIOParameters=GPIO_Label
PA0-WKUP.GPIO_Label=RIGHT_RTN
PA0-WKUP.Locked=true
PA0-WKUP.Signal=GPIO_Output
PA10.GPIOParameters=GPIO_Label
PA10.GPIO_Label=RADIO_RESET
PA10.Locked=true
PA10.Signal=GPIO_Output
PA13.Mode=Serial_Wire
PA13.Signal=SYS_JTMS-SWDIO
PA14.Mode=Serial_Wire
PA14.Signal=SYS_JTCK-SWCLK
PA2.GPIOParameters=GPIO_PuPd,GPIO_Label,GPIO_ModeDefaultEXTI
PA2.GPIO_Label=RIGHT
PA2.GPIO_ModeDefaultEXTI=GPIO_MODE_IT_FALLING
PA2.GPIO_PuPd=GPIO_PULLUP
PA2.Locked=true
PA2.Signal=GPXTI2
PA3.GPIOParameters=GPIO_PuPd,GPIO_Label,GPIO_ModeDefaultEXTI
PA3.GPIO_Label=LEFT
PA3.GPIO_ModeDefaultEXTI=GPIO_MODE_IT_FALLING
PA3.GPIO_PuPd=GPIO_PULLUP
PA3.Locked=true
PA3.Signal=GPXTI3
PA5.GPIOParameters=GPIO_Label
PA5.GPIO_Label=LEFT_RTN
PA5.Locked=true
PA5.Signal=GPIO_Output
PA6.GPIOParameters=GPIO_Label
PA6.GPIO_Label=DOWN_RTN
PA6.Locked=true
PA6.Signal=GPIO_Output
PA8.GPIOParameters=GPIO_Label
PA8.GPIO_Label=RADIO_INT
PA8.Locked=true
PA8.Signal=GPXTI8
PA9.GPIOParameters=GPIO_Label
PA9.GPIO_Label=RADIO_CS
PA9.Locked=true
PA9.Signal=GPIO_Output
PB0.GPIOParameters=GPIO_PuPd,GPIO_Label,GPIO_ModeDefaultEXTI
PB0.GPIO_Label=DOWN
PB0.GPIO_ModeDefaultEXTI=GPIO_MODE_IT_FALLING
PB0.GPIO_PuPd=GPIO_PULLUP
PB0.Locked=true
PB0.Signal=GPXTI0
PB1.GPIOParameters=GPIO_Label
PB1.GPIO_Label=UP_RET
PB1.Locked=true
PB1.Signal=GPIO_Output
PB11.GPIOParameters=GPIO_PuPd,GPIO_Label,GPIO_ModeDefaultEXTI
PB11.GPIO_Label=UP
PB11.GPIO_ModeDefaultEXTI=GPIO_MODE_IT_FALLING
PB11.GPIO_PuPd=GPIO_PULLUP
PB11.Locked=true
PB11.Signal=GPXTI11
PB13.Locked=true
PB13.Mode=Full_Duplex_Master
PB13.Signal=SPI2_SCK
PB14.Locked=true
PB14.Mode=Full_Duplex_Master
PB14.Signal=SPI2_MISO
PB15.Locked=true
PB15.Mode=Full_Duplex_Master
PB15.Signal=SPI2_MOSI
PB5.GPIOParameters=PinState,GPIO_Label
PB5.GPIO_Label=RIGHT_MOTOR
PB5.Locked=true
PB5.PinState=GPIO_PIN_RESET
PB5.Signal=GPIO_Output
PB7.GPIOParameters=PinState,GPIO_Label
PB7.GPIO_Label=LEFT_MOTOR
PB7.Locked=true
PB7.PinState=GPIO_PIN_RESET
PB7.Signal=GPIO_Output
PB9.GPIOParameters=GPIO_Label
PB9.GPIO_Label=ENTER
PB9.Locked=true
PB9.Signal=GPXTI9
PC13-TAMPER-RTC.GPIOParameters=PinState,GPIO_Label
PC13-TAMPER-RTC.GPIO_Label=LED
PC13-TAMPER-RTC.Locked=true
PC13-TAMPER-RTC.PinState=GPIO_PIN_SET
PC13-TAMPER-RTC.Signal=GPIO_Output
PCC.Checker=false
PCC.Line=STM32F103
PCC.MCU=STM32F103C(8-B)Tx
PCC.PartNumber=STM32F103C8Tx
PCC.Seq0=0
PCC.Series=STM32F1
PCC.Temperature=25
PCC.Vdd=3.3
PinOutPanel.RotationAngle=0
ProjectManager.AskForMigrate=true
ProjectManager.BackupPrevious=false
ProjectManager.CompilerOptimize=6
ProjectManager.ComputerToolchain=false
ProjectManager.CoupleFile=false
ProjectManager.CustomerFirmwarePackage=..\\..\\..\\..\\..\\Ac6\\Libraries\\STM32Cube_FW_F1_V1.7.0
ProjectManager.DefaultFWLocation=false
ProjectManager.DeletePrevious=true
ProjectManager.DeviceId=STM32F103C8Tx
ProjectManager.FirmwarePackage=STM32Cube FW_F1 V1.7.0
ProjectManager.FreePins=false
ProjectManager.HalAssertFull=false
ProjectManager.HeapSize=0x200
ProjectManager.KeepUserCode=true
ProjectManager.LastFirmware=true
ProjectManager.LibraryCopy=1
ProjectManager.MainLocation=Src
ProjectManager.NoMain=false
ProjectManager.PreviousToolchain=SW4STM32
ProjectManager.ProjectBuild=false
ProjectManager.ProjectFileName=GirlScoutBot.ioc
ProjectManager.ProjectName=GirlScoutBot
ProjectManager.StackSize=0x400
ProjectManager.TargetToolchain=SW4STM32
ProjectManager.ToolChainLocation=
ProjectManager.UnderRoot=true
ProjectManager.functionlistsort=1-MX_GPIO_Init-GPIO-false-HAL-true,2-SystemClock_Config-RCC-false-HAL-false,3-MX_BlueNRG_MS_Init-STMicroelectronics.X-CUBE-BLE1.4.4.0-false-HAL-true,4-MX_BlueNRG_MS_Process-STMicroelectronics.X-CUBE-BLE1.4.4.0-false-HAL-true
RCC.APB1Freq_Value=8000000
RCC.APB2Freq_Value=8000000
RCC.FamilyName=M
RCC.IPParameters=APB1Freq_Value,APB2Freq_Value,FamilyName,PLLCLKFreq_Value,PLLMCOFreq_Value,TimSysFreq_Value
RCC.PLLCLKFreq_Value=8000000
RCC.PLLMCOFreq_Value=4000000
RCC.TimSysFreq_Value=8000000
SH.GPXTI0.0=GPIO_EXTI0
SH.GPXTI0.ConfNb=1
SH.GPXTI11.0=GPIO_EXTI11
SH.GPXTI11.ConfNb=1
SH.GPXTI2.0=GPIO_EXTI2
SH.GPXTI2.ConfNb=1
SH.GPXTI3.0=GPIO_EXTI3
SH.GPXTI3.ConfNb=1
SH.GPXTI8.0=GPIO_EXTI8
SH.GPXTI8.ConfNb=1
SH.GPXTI9.0=GPIO_EXTI9
SH.GPXTI9.ConfNb=1
SPI2.CalculateBaudRate=4.0 MBits/s
SPI2.Direction=SPI_DIRECTION_2LINES
SPI2.IPParameters=VirtualType,Mode,Direction,CalculateBaudRate
SPI2.Mode=SPI_MODE_MASTER
SPI2.VirtualType=VM_MASTER
STMicroelectronics.X-CUBE-BLE1.4.4.0.ApplicationCcWirelessJjApplication=SensorDemo
STMicroelectronics.X-CUBE-BLE1.4.4.0.BSP.number=4
STMicroelectronics.X-CUBE-BLE1.4.4.0.BlueNRGAaMSCcWirelessJjController=true
STMicroelectronics.X-CUBE-BLE1.4.4.0.BlueNRGAaMSCcWirelessJjHCIIiTL=Basic
STMicroelectronics.X-CUBE-BLE1.4.4.0.BlueNRGAaMSCcWirelessJjHCIIiTLIiINTERFACE=UserBoard
STMicroelectronics.X-CUBE-BLE1.4.4.0.BlueNRGAaMSCcWirelessJjUtils=true
STMicroelectronics.X-CUBE-BLE1.4.4.0.IPParameters=BlueNRGAaMSCcWirelessJjController,BlueNRGAaMSCcWirelessJjHCIIiTL,BlueNRGAaMSCcWirelessJjHCIIiTLIiINTERFACE,BlueNRGAaMSCcWirelessJjUtils,ApplicationCcWirelessJjApplication
STMicroelectronics.X-CUBE-BLE1.4.4.0.WirelessJjApplication.apiComponent0=Wireless\:HCI_TL
STMicroelectronics.X-CUBE-BLE1.4.4.0.WirelessJjApplication.apiComponent1=Wireless\:HCI_TL
STMicroelectronics.X-CUBE-BLE1.4.4.0.WirelessJjApplication.apiComponent2=Wireless\:HCI_TL_INTERFACE
STMicroelectronics.X-CUBE-BLE1.4.4.0.WirelessJjApplication.apiComponent3=Wireless\:HCI_TL_INTERFACE
STMicroelectronics.X-CUBE-BLE1.4.4.0.WirelessJjApplication.apiDoc0=Middlewares/ST/BlueNRG-MS/includes/hci.h
STMicroelectronics.X-CUBE-BLE1.4.4.0.WirelessJjApplication.apiDoc1=Middlewares/ST/BlueNRG-MS/doc/BlueNRG-MS_UserManual.chm
STMicroelectronics.X-CUBE-BLE1.4.4.0.WirelessJjApplication.apiDoc2=Middlewares/ST/BlueNRG-MS/hci/hci_tl_patterns/Template/hci_tl_interface.h
STMicroelectronics.X-CUBE-BLE1.4.4.0.WirelessJjApplication.apiDoc3=Middlewares/ST/BlueNRG-MS/doc/BlueNRG-MS_UserManual.chm
STMicroelectronics.X-CUBE-BLE1.4.4.0.WirelessJjApplication.cmp_version0=4.4.0
STMicroelectronics.X-CUBE-BLE1.4.4.0.WirelessJjApplication.component0=Wireless
STMicroelectronics.X-CUBE-BLE1.4.4.0.WirelessJjApplication.componentDoc0=Projects/Board_PN/Applications/SensorDemo/readme.txt
STMicroelectronics.X-CUBE-BLE1.4.4.0.WirelessJjApplication.description0=BLE sample applications for BlueNRG-MS module,SensorDemo sample application
STMicroelectronics.X-CUBE-BLE1.4.4.0.WirelessJjApplication.diagnostic0=This component should operate correctly.
STMicroelectronics.X-CUBE-BLE1.4.4.0.WirelessJjApplication.documentation0=Documentation/STMicroelectronics.X-CUBE-BLE1_GettingStarted.pdf
STMicroelectronics.X-CUBE-BLE1.4.4.0.WirelessJjApplication.group0=Application
STMicroelectronics.X-CUBE-BLE1.4.4.0.WirelessJjApplication.paramName0=ApplicationCcWirelessJjApplication
STMicroelectronics.X-CUBE-BLE1.4.4.0.WirelessJjApplication.sevirity0=none
STMicroelectronics.X-CUBE-BLE1.4.4.0.WirelessJjApplication.variant0=SensorDemo
STMicroelectronics.X-CUBE-BLE1.4.4.0.WirelessJjApplication_Checked=false
STMicroelectronics.X-CUBE-BLE1.4.4.0.WirelessJjApplication_apiSize=4
STMicroelectronics.X-CUBE-BLE1.4.4.0.WirelessJjApplication_bundle=Application
STMicroelectronics.X-CUBE-BLE1.4.4.0.WirelessJjApplication_class=Wireless
STMicroelectronics.X-CUBE-BLE1.4.4.0.WirelessJjApplication_name=X-CUBE-BLE1
STMicroelectronics.X-CUBE-BLE1.4.4.0.WirelessJjApplication_size=1
STMicroelectronics.X-CUBE-BLE1.4.4.0.WirelessJjApplication_vendor=STMicroelectronics
STMicroelectronics.X-CUBE-BLE1.4.4.0.WirelessJjApplication_version=4.4.0
STMicroelectronics.X-CUBE-BLE1.4.4.0.WirelessJjBlueNRGAaMS.apiComponent0=Wireless\:HCI_TL
STMicroelectronics.X-CUBE-BLE1.4.4.0.WirelessJjBlueNRGAaMS.apiComponent1=Wireless\:HCI_TL
STMicroelectronics.X-CUBE-BLE1.4.4.0.WirelessJjBlueNRGAaMS.apiComponent2=Wireless\:HCI_TL_INTERFACE
STMicroelectronics.X-CUBE-BLE1.4.4.0.WirelessJjBlueNRGAaMS.apiComponent3=Wireless\:HCI_TL_INTERFACE
STMicroelectronics.X-CUBE-BLE1.4.4.0.WirelessJjBlueNRGAaMS.apiDoc0=Middlewares/ST/BlueNRG-MS/includes/hci.h
STMicroelectronics.X-CUBE-BLE1.4.4.0.WirelessJjBlueNRGAaMS.apiDoc1=Middlewares/ST/BlueNRG-MS/doc/BlueNRG-MS_UserManual.chm
STMicroelectronics.X-CUBE-BLE1.4.4.0.WirelessJjBlueNRGAaMS.apiDoc2=Middlewares/ST/BlueNRG-MS/hci/hci_tl_patterns/Template/hci_tl_interface.h
STMicroelectronics.X-CUBE-BLE1.4.4.0.WirelessJjBlueNRGAaMS.apiDoc3=Middlewares/ST/BlueNRG-MS/doc/BlueNRG-MS_UserManual.chm
STMicroelectronics.X-CUBE-BLE1.4.4.0.WirelessJjBlueNRGAaMS.cmp_version0=4.4.0
STMicroelectronics.X-CUBE-BLE1.4.4.0.WirelessJjBlueNRGAaMS.cmp_version1=4.4.0
STMicroelectronics.X-CUBE-BLE1.4.4.0.WirelessJjBlueNRGAaMS.cmp_version2=4.4.0
STMicroelectronics.X-CUBE-BLE1.4.4.0.WirelessJjBlueNRGAaMS.cmp_version3=4.4.0
STMicroelectronics.X-CUBE-BLE1.4.4.0.WirelessJjBlueNRGAaMS.component0=Wireless
STMicroelectronics.X-CUBE-BLE1.4.4.0.WirelessJjBlueNRGAaMS.component1=Wireless
STMicroelectronics.X-CUBE-BLE1.4.4.0.WirelessJjBlueNRGAaMS.component2=Wireless
STMicroelectronics.X-CUBE-BLE1.4.4.0.WirelessJjBlueNRGAaMS.component3=Wireless
STMicroelectronics.X-CUBE-BLE1.4.4.0.WirelessJjBlueNRGAaMS.componentDoc1=Middlewares/ST/BlueNRG-MS/doc/BlueNRG-MS_UserManual.chm
STMicroelectronics.X-CUBE-BLE1.4.4.0.WirelessJjBlueNRGAaMS.description0=Host Controller Interface (HCI)
STMicroelectronics.X-CUBE-BLE1.4.4.0.WirelessJjBlueNRGAaMS.description1=Basic HCI Transport Layer (use a basic set of already implemented APIs)
STMicroelectronics.X-CUBE-BLE1.4.4.0.WirelessJjBlueNRGAaMS.description2=HCI Transport Layer Interface based on User Board definition (use a basic set of already implemented APIs)
STMicroelectronics.X-CUBE-BLE1.4.4.0.WirelessJjBlueNRGAaMS.description3=Utilities (BLE list manager)
STMicroelectronics.X-CUBE-BLE1.4.4.0.WirelessJjBlueNRGAaMS.diagnostic0=This component should operate correctly.
STMicroelectronics.X-CUBE-BLE1.4.4.0.WirelessJjBlueNRGAaMS.diagnostic1=This component should operate correctly.
STMicroelectronics.X-CUBE-BLE1.4.4.0.WirelessJjBlueNRGAaMS.diagnostic2=This component should operate correctly.
STMicroelectronics.X-CUBE-BLE1.4.4.0.WirelessJjBlueNRGAaMS.diagnostic3=This component should operate correctly.
STMicroelectronics.X-CUBE-BLE1.4.4.0.WirelessJjBlueNRGAaMS.documentation0=Documentation/STMicroelectronics.X-CUBE-BLE1_GettingStarted.pdf
STMicroelectronics.X-CUBE-BLE1.4.4.0.WirelessJjBlueNRGAaMS.documentation1=Documentation/STMicroelectronics.X-CUBE-BLE1_GettingStarted.pdf
STMicroelectronics.X-CUBE-BLE1.4.4.0.WirelessJjBlueNRGAaMS.documentation2=Documentation/STMicroelectronics.X-CUBE-BLE1_GettingStarted.pdf
STMicroelectronics.X-CUBE-BLE1.4.4.0.WirelessJjBlueNRGAaMS.documentation3=Documentation/STMicroelectronics.X-CUBE-BLE1_GettingStarted.pdf
STMicroelectronics.X-CUBE-BLE1.4.4.0.WirelessJjBlueNRGAaMS.group0=Controller
STMicroelectronics.X-CUBE-BLE1.4.4.0.WirelessJjBlueNRGAaMS.group1=HCI_TL
STMicroelectronics.X-CUBE-BLE1.4.4.0.WirelessJjBlueNRGAaMS.group2=HCI_TL_INTERFACE
STMicroelectronics.X-CUBE-BLE1.4.4.0.WirelessJjBlueNRGAaMS.group3=Utils
STMicroelectronics.X-CUBE-BLE1.4.4.0.WirelessJjBlueNRGAaMS.paramName0=BlueNRGAaMSCcWirelessJjController
STMicroelectronics.X-CUBE-BLE1.4.4.0.WirelessJjBlueNRGAaMS.paramName1=BlueNRGAaMSCcWirelessJjHCIIiTL
STMicroelectronics.X-CUBE-BLE1.4.4.0.WirelessJjBlueNRGAaMS.paramName2=BlueNRGAaMSCcWirelessJjHCIIiTLIiINTERFACE
STMicroelectronics.X-CUBE-BLE1.4.4.0.WirelessJjBlueNRGAaMS.paramName3=BlueNRGAaMSCcWirelessJjUtils
STMicroelectronics.X-CUBE-BLE1.4.4.0.WirelessJjBlueNRGAaMS.sevirity0=none
STMicroelectronics.X-CUBE-BLE1.4.4.0.WirelessJjBlueNRGAaMS.sevirity1=none
STMicroelectronics.X-CUBE-BLE1.4.4.0.WirelessJjBlueNRGAaMS.sevirity2=none
STMicroelectronics.X-CUBE-BLE1.4.4.0.WirelessJjBlueNRGAaMS.sevirity3=none
STMicroelectronics.X-CUBE-BLE1.4.4.0.WirelessJjBlueNRGAaMS.variant1=Basic
STMicroelectronics.X-CUBE-BLE1.4.4.0.WirelessJjBlueNRGAaMS.variant2=UserBoard
STMicroelectronics.X-CUBE-BLE1.4.4.0.WirelessJjBlueNRGAaMS_Checked=true
STMicroelectronics.X-CUBE-BLE1.4.4.0.WirelessJjBlueNRGAaMS_apiSize=4
STMicroelectronics.X-CUBE-BLE1.4.4.0.WirelessJjBlueNRGAaMS_bundle=BlueNRG-MS
STMicroelectronics.X-CUBE-BLE1.4.4.0.WirelessJjBlueNRGAaMS_class=Wireless
STMicroelectronics.X-CUBE-BLE1.4.4.0.WirelessJjBlueNRGAaMS_name=X-CUBE-BLE1
STMicroelectronics.X-CUBE-BLE1.4.4.0.WirelessJjBlueNRGAaMS_size=4
STMicroelectronics.X-CUBE-BLE1.4.4.0.WirelessJjBlueNRGAaMS_vendor=STMicroelectronics
STMicroelectronics.X-CUBE-BLE1.4.4.0.WirelessJjBlueNRGAaMS_version=4.4.0
STMicroelectronics.X-CUBE-BLE1.4.4.00.BSP.STBoard=false
STMicroelectronics.X-CUBE-BLE1.4.4.00.BSP.api=HAL_EXTI_DRIVER
STMicroelectronics.X-CUBE-BLE1.4.4.00.BSP.component=
STMicroelectronics.X-CUBE-BLE1.4.4.00.BSP.condition=SEMWirelessJjHCIIiTLIiINTERFACEJjUserBoard
STMicroelectronics.X-CUBE-BLE1.4.4.00.BSP.i2caddr=0
STMicroelectronics.X-CUBE-BLE1.4.4.00.BSP.i2creg=
STMicroelectronics.X-CUBE-BLE1.4.4.00.BSP.instance=PA8
STMicroelectronics.X-CUBE-BLE1.4.4.00.BSP.ip=GPIO
STMicroelectronics.X-CUBE-BLE1.4.4.00.BSP.mode=EXTI
STMicroelectronics.X-CUBE-BLE1.4.4.00.BSP.name=Exti Line
STMicroelectronics.X-CUBE-BLE1.4.4.00.BSP.semaphore=
STMicroelectronics.X-CUBE-BLE1.4.4.00.BSP.solution=PA8
STMicroelectronics.X-CUBE-BLE1.4.4.01.BSP.STBoard=false
STMicroelectronics.X-CUBE-BLE1.4.4.01.BSP.api=BSP_BUS_DRIVER
STMicroelectronics.X-CUBE-BLE1.4.4.01.BSP.component=
STMicroelectronics.X-CUBE-BLE1.4.4.01.BSP.condition=SEMWirelessJjHCIIiTLIiINTERFACEJjUserBoard
STMicroelectronics.X-CUBE-BLE1.4.4.01.BSP.i2caddr=0
STMicroelectronics.X-CUBE-BLE1.4.4.01.BSP.i2creg=
STMicroelectronics.X-CUBE-BLE1.4.4.01.BSP.instance=SPI2
STMicroelectronics.X-CUBE-BLE1.4.4.01.BSP.ip=SPI
STMicroelectronics.X-CUBE-BLE1.4.4.01.BSP.mode=Full-Duplex Master
STMicroelectronics.X-CUBE-BLE1.4.4.01.BSP.name=BUS IO driver
STMicroelectronics.X-CUBE-BLE1.4.4.01.BSP.semaphore=
STMicroelectronics.X-CUBE-BLE1.4.4.01.BSP.solution=SPI2
STMicroelectronics.X-CUBE-BLE1.4.4.02.BSP.STBoard=false
STMicroelectronics.X-CUBE-BLE1.4.4.02.BSP.api=Unknown
STMicroelectronics.X-CUBE-BLE1.4.4.02.BSP.component=
STMicroelectronics.X-CUBE-BLE1.4.4.02.BSP.condition=SEMWirelessJjHCIIiTLIiINTERFACEJjUserBoard
STMicroelectronics.X-CUBE-BLE1.4.4.02.BSP.i2caddr=0
STMicroelectronics.X-CUBE-BLE1.4.4.02.BSP.i2creg=
STMicroelectronics.X-CUBE-BLE1.4.4.02.BSP.instance=PA9
STMicroelectronics.X-CUBE-BLE1.4.4.02.BSP.ip=GPIO
STMicroelectronics.X-CUBE-BLE1.4.4.02.BSP.mode=Output
STMicroelectronics.X-CUBE-BLE1.4.4.02.BSP.name=CS Line
STMicroelectronics.X-CUBE-BLE1.4.4.02.BSP.semaphore=
STMicroelectronics.X-CUBE-BLE1.4.4.02.BSP.solution=PA9
STMicroelectronics.X-CUBE-BLE1.4.4.03.BSP.STBoard=false
STMicroelectronics.X-CUBE-BLE1.4.4.03.BSP.api=Unknown
STMicroelectronics.X-CUBE-BLE1.4.4.03.BSP.component=
STMicroelectronics.X-CUBE-BLE1.4.4.03.BSP.condition=SEMWirelessJjHCIIiTLIiINTERFACEJjUserBoard
STMicroelectronics.X-CUBE-BLE1.4.4.03.BSP.i2caddr=0
STMicroelectronics.X-CUBE-BLE1.4.4.03.BSP.i2creg=
STMicroelectronics.X-CUBE-BLE1.4.4.03.BSP.instance=PA10
STMicroelectronics.X-CUBE-BLE1.4.4.03.BSP.ip=GPIO
STMicroelectronics.X-CUBE-BLE1.4.4.03.BSP.mode=Output
STMicroelectronics.X-CUBE-BLE1.4.4.03.BSP.name=Reset Line
STMicroelectronics.X-CUBE-BLE1.4.4.03.BSP.semaphore=
STMicroelectronics.X-CUBE-BLE1.4.4.03.BSP.solution=PA10
STMicroelectronics.X-CUBE-BLE1.4.4.0_MwName0=BlueNRG-MS
STMicroelectronics.X-CUBE-BLE1.4.4.0_MwName1=Application
STMicroelectronics.X-CUBE-BLE1.4.4.0_NumberOfMw=2
STMicroelectronics.X-CUBE-BLE1.4.4.0_SwParameter=BlueNRGAaMSCcWirelessJjHCIIiTL\:Basic;BlueNRGAaMSCcWirelessJjUtils\:true;BlueNRGAaMSCcWirelessJjHCIIiTLIiINTERFACE\:UserBoard;ApplicationCcWirelessJjApplication\:SensorDemo;BlueNRGAaMSCcWirelessJjController\:true;
STMicroelectronics.X-CUBE-BLE1.4.4.0_WirelessJjApplication_RteComponent0=\#define SENSOR_DEMO
STMicroelectronics.X-CUBE-BLE1.4.4.0_WirelessJjApplication_RteComponentsize=1
STMicroelectronics.X-CUBE-BLE1.4.4.0_WirelessJjBlueNRGAaMS_RteComponent0=\#define HCI_TL
STMicroelectronics.X-CUBE-BLE1.4.4.0_WirelessJjBlueNRGAaMS_RteComponent1=\#define HCI_TL_INTERFACE
STMicroelectronics.X-CUBE-BLE1.4.4.0_WirelessJjBlueNRGAaMS_RteComponentsize=2
STMicroelectronics.X-CUBE-BLE1.4.4.0_description=BLE stack and sample applications for BlueNRG-MS module
STMicroelectronics.X-CUBE-BLE1.4.4.0_license=en.DM00367782.pdf
VP_FREERTOS_VS_CMSIS_V1.Mode=CMSIS_V1
VP_FREERTOS_VS_CMSIS_V1.Signal=FREERTOS_VS_CMSIS_V1
VP_STMicroelectronics.X-CUBE-BLE1_VS_WirelessJjBlueNRGAaMS_4.4.0.Mode=WirelessJjBlueNRGAaMS
VP_STMicroelectronics.X-CUBE-BLE1_VS_WirelessJjBlueNRGAaMS_4.4.0.Signal=STMicroelectronics.X-CUBE-BLE1_VS_WirelessJjBlueNRGAaMS_4.4.0
VP_SYS_VS_tim1.Mode=TIM1
VP_SYS_VS_tim1.Signal=SYS_VS_tim1
board=custom
